# This file is autogenerated, do not edit; changes may be undone by the next 'dep ensure'.


[[projects]]
  name = "github.com/boltdb/bolt"
  packages = ["."]
  revision = "2f1ce7a837dcb8da3ec595b1dac9d0632f0f99e8"
  version = "v1.3.1"

[[projects]]
  name = "github.com/docker/libkv"
  packages = [
    ".",
    "store",
    "store/boltdb"
  ]
  revision = "aabc039ad04deb721e234f99cd1b4aa28ac71a40"
  version = "v0.2.1"

[[projects]]
  name = "github.com/gorilla/websocket"
  packages = ["."]
  revision = "ea4d1f681babbce9545c9c5f3d5194a789c89f5b"
  version = "v1.2.0"

[[projects]]
  name = "github.com/pkg/errors"
  packages = ["."]
  revision = "645ef00459ed84a119197bfb8d8205042c6df63d"
  version = "v0.8.0"

[[projects]]
  branch = "master"
  name = "github.com/vscale/go-vscale"
  packages = ["."]
  revision = "01d5114cc44549735cbd7fb809022405732cae03"

[[projects]]
  branch = "master"
  name = "golang.org/x/sys"
  packages = ["unix"]
  revision = "bff228c7b664c5fce602223a05fb708fd8654986"

[[projects]]
  branch = "v2"
  name = "gopkg.in/tucnak/telebot.v2"
  packages = ["."]
  revision = "743778f69e925ca80651235174e188793e7ed653"

[solve-meta]
  analyzer-name = "dep"
  analyzer-version = 1
  inputs-digest = "f5bd07e51b51bd02448ba3ce3d6ebfc30a0d2d6c8ce5224b9512bb25f2b4071f"
  solver-name = "gps-cdcl"
  solver-version = 1
