# This file is autogenerated, do not edit; changes may be undone by the next 'dep ensure'.


[[projects]]
  digest = "1:ed112122ed4a920d944cc99b9d00b0441c11685939c28462c719488d36fe29aa"
  name = "github.com/boltdb/bolt"
  packages = ["."]
  pruneopts = ""
  revision = "2f1ce7a837dcb8da3ec595b1dac9d0632f0f99e8"
  version = "v1.3.1"

[[projects]]
  digest = "1:64860a8b221d961a6047a5ff6fa0138e22ae272d834bc44c37ff79757a80aedc"
  name = "github.com/docker/libkv"
  packages = [
    ".",
    "store",
    "store/boltdb",
    "store/consul",
  ]
  pruneopts = ""
  revision = "aabc039ad04deb721e234f99cd1b4aa28ac71a40"
  version = "v0.2.1"

[[projects]]
  digest = "1:64d212c703a2b94054be0ce470303286b177ad260b2f89a307e3d1bb6c073ef6"
  name = "github.com/gorilla/websocket"
  packages = ["."]
  pruneopts = ""
  revision = "ea4d1f681babbce9545c9c5f3d5194a789c89f5b"
  version = "v1.2.0"

[[projects]]
  digest = "1:5190b0c9b2d3c491838653056455f1e9406e039ee91ec768849f3e5ab441f06a"
  name = "github.com/hashicorp/consul"
  packages = ["api"]
  pruneopts = ""
  revision = "e716d1b5f8be252b3e53906c6d5632e0228f30fa"
  version = "v1.2.2"

[[projects]]
  branch = "master"
  digest = "1:f5d25fd7bdda08e39e01193ef94a1ebf7547b1b931bcdec785d08050598f306c"
  name = "github.com/hashicorp/go-cleanhttp"
  packages = ["."]
  pruneopts = ""
  revision = "d5fe4b57a186c716b0e00b8c301cbd9b4182694d"

[[projects]]
  branch = "master"
  digest = "1:ff65bf6fc4d1116f94ac305342725c21b55c16819c2606adc8f527755716937f"
  name = "github.com/hashicorp/go-rootcerts"
  packages = ["."]
  pruneopts = ""
  revision = "6bb64b370b90e7ef1fa532be9e591a81c3493e00"

[[projects]]
  digest = "1:f72168ea995f398bab88e84bd1ff58a983466ba162fb8d50d47420666cd57fad"
  name = "github.com/hashicorp/serf"
  packages = ["coordinate"]
  pruneopts = ""
  revision = "d6574a5bb1226678d7010325fb6c985db20ee458"
  version = "v0.8.1"

[[projects]]
  branch = "master"
  digest = "1:83854f6b1d2ce047b69657e3a87ba7602f4c5505e8bdfd02ab857db8e983bde1"
  name = "github.com/mitchellh/go-homedir"
  packages = ["."]
  pruneopts = ""
  revision = "58046073cbffe2f25d425fe1331102f55cf719de"

[[projects]]
  branch = "master"
  digest = "1:f43ed2c836208c14f45158fd01577c985688a4d11cf9fd475a939819fef3b321"
  name = "github.com/mitchellh/mapstructure"
  packages = ["."]
  pruneopts = ""
  revision = "f15292f7a699fcc1a38a80977f80a046874ba8ac"

[[projects]]
  digest = "1:7365acd48986e205ccb8652cc746f09c8b7876030d53710ea6ef7d0bd0dcd7ca"
  name = "github.com/pkg/errors"
  packages = ["."]
  pruneopts = ""
  revision = "645ef00459ed84a119197bfb8d8205042c6df63d"
  version = "v0.8.0"

[[projects]]
  branch = "master"
  digest = "1:4d4640bdd26af1a768afa4a6f22d64c005c286ba8df3dd558130243e41a0b582"
  name = "github.com/vscale/go-vscale"
  packages = ["."]
  pruneopts = ""
  revision = "01d5114cc44549735cbd7fb809022405732cae03"

[[projects]]
  branch = "master"
  digest = "1:4f7d853903a2a32b60c99f92492752a52bf9b56425258afbed5cfc2ee86cd216"
  name = "golang.org/x/net"
  packages = [
    "internal/socks",
    "proxy",
  ]
  pruneopts = ""
  revision = "aaf60122140d3fcf75376d319f0554393160eb50"

[[projects]]
  branch = "master"
  digest = "1:1132cbdac95d6a2a30f7434f7190b3b1345e85b6071e74911b1dce3e19e1543d"
  name = "golang.org/x/sys"
  packages = ["unix"]
  pruneopts = ""
  revision = "1c9583448a9c3aa0f9a6a5241bf73c0bd8aafded"

[[projects]]
  branch = "v2"
  digest = "1:052d33d06c90be9a63530f84ec561fe7ac7d1bc5d781857f95fc8510b931d0de"
  name = "gopkg.in/tucnak/telebot.v2"
  packages = ["."]
  pruneopts = ""
  revision = "b59ea4aec33eba0a5d2eeda2638efe000fa93f22"

[solve-meta]
  analyzer-name = "dep"
  analyzer-version = 1
  input-imports = [
    "github.com/docker/libkv/store",
    "github.com/docker/libkv/store/boltdb",
    "github.com/docker/libkv/store/consul",
    "github.com/vscale/go-vscale",
    "golang.org/x/net/proxy",
    "gopkg.in/tucnak/telebot.v2",
  ]
  solver-name = "gps-cdcl"
  solver-version = 1
